<?xml version="1.0" encoding="utf-8"?>
<Project ToolsVersion="4.0" xmlns="http://schemas.microsoft.com/developer/msbuild/2003">
  <ItemGroup>
    <Filter Include="Configuration">
      <UniqueIdentifier>{2a8b1679-b420-4716-84fe-1ee4dad8afc3}</UniqueIdentifier>
    </Filter>
    <Filter Include="Cryptography">
      <UniqueIdentifier>{4ad7a51b-91df-4740-a9b1-f0db16e36e13}</UniqueIdentifier>
    </Filter>
    <Filter Include="Cryptography\Authentication">
      <UniqueIdentifier>{08d0a475-d0a6-43e0-bef3-50b6679a4ca6}</UniqueIdentifier>
    </Filter>
    <Filter Include="Database">
      <UniqueIdentifier>{1e054ed5-6ae4-4acf-bfb7-a410487f69b6}</UniqueIdentifier>
    </Filter>
    <Filter Include="DataStores">
      <UniqueIdentifier>{a4b420f7-8e33-4005-9f02-251fa96804bd}</UniqueIdentifier>
    </Filter>
    <Filter Include="Debugging">
      <UniqueIdentifier>{81d53614-38a0-4e28-b9aa-e68b833a9c15}</UniqueIdentifier>
    </Filter>
    <Filter Include="Dynamic">
      <UniqueIdentifier>{57cc507f-9179-4bff-b64f-0e523de2af4d}</UniqueIdentifier>
    </Filter>
    <Filter Include="Dynamic\LinkedReference">
      <UniqueIdentifier>{e26c59c6-51a1-4032-9201-623cd8c36916}</UniqueIdentifier>
    </Filter>
    <Filter Include="Logging">
      <UniqueIdentifier>{8fc3f83c-fc3d-4f11-b15b-dd1858bd23e6}</UniqueIdentifier>
    </Filter>
    <Filter Include="Packets">
      <UniqueIdentifier>{247cbcef-baf4-4288-ad79-45587c635f46}</UniqueIdentifier>
    </Filter>
    <Filter Include="Threading">
      <UniqueIdentifier>{ccd1fe24-926b-42fe-8e93-09e012931888}</UniqueIdentifier>
    </Filter>
    <Filter Include="Utilities">
      <UniqueIdentifier>{1aae701c-7f85-4621-bd0a-412e36582447}</UniqueIdentifier>
    </Filter>
  </ItemGroup>
  <ItemGroup>
    <ClCompile Include="..\..\src\server\shared\Configuration\Config.cpp">
      <Filter>Configuration</Filter>
    </ClCompile>
    <ClCompile Include="..\..\src\server\shared\Cryptography\ARC4.cpp">
      <Filter>Cryptography</Filter>
    </ClCompile>
    <ClCompile Include="..\..\src\server\shared\Cryptography\BigNumber.cpp">
      <Filter>Cryptography</Filter>
    </ClCompile>
    <ClCompile Include="..\..\src\server\shared\Cryptography\HMACSHA1.cpp">
      <Filter>Cryptography</Filter>
    </ClCompile>
    <ClCompile Include="..\..\src\server\shared\Cryptography\MD5.c">
      <Filter>Cryptography</Filter>
    </ClCompile>
    <ClCompile Include="..\..\src\server\shared\Cryptography\SHA1.cpp">
      <Filter>Cryptography</Filter>
    </ClCompile>
    <ClCompile Include="..\..\src\server\shared\Cryptography\Authentication\AuthCrypt.cpp">
      <Filter>Cryptography\Authentication</Filter>
    </ClCompile>
    <ClCompile Include="..\..\src\server\shared\Database\Database.cpp">
      <Filter>Database</Filter>
    </ClCompile>
    <ClCompile Include="..\..\src\server\shared\Database\Field.cpp">
      <Filter>Database</Filter>
    </ClCompile>
    <ClCompile Include="..\..\src\server\shared\Database\PreparedStatements.cpp">
      <Filter>Database</Filter>
    </ClCompile>
    <ClCompile Include="..\..\src\server\shared\Database\QueryResult.cpp">
      <Filter>Database</Filter>
    </ClCompile>
    <ClCompile Include="..\..\src\server\shared\Database\SqlDelayThread.cpp">
      <Filter>Database</Filter>
    </ClCompile>
    <ClCompile Include="..\..\src\server\shared\Database\SqlOperations.cpp">
      <Filter>Database</Filter>
    </ClCompile>
    <ClCompile Include="..\..\src\server\shared\Database\SQLStorage.cpp">
      <Filter>Database</Filter>
    </ClCompile>
    <ClCompile Include="..\..\src\server\shared\DataStores\DBCFileLoader.cpp">
      <Filter>DataStores</Filter>
    </ClCompile>
    <ClCompile Include="..\..\src\server\shared\Debugging\MemoryLeaks.cpp">
      <Filter>Debugging</Filter>
    </ClCompile>
    <ClCompile Include="..\..\src\server\shared\Debugging\WheatyExceptionReport.cpp">
      <Filter>Debugging</Filter>
    </ClCompile>
    <ClCompile Include="..\..\src\server\shared\Logging\Log.cpp">
      <Filter>Logging</Filter>
    </ClCompile>
    <ClCompile Include="..\..\src\server\shared\Threading\DelayExecutor.cpp">
      <Filter>Threading</Filter>
    </ClCompile>
    <ClCompile Include="..\..\src\server\shared\Threading\Threading.cpp">
      <Filter>Threading</Filter>
    </ClCompile>
    <ClCompile Include="..\..\src\server\shared\Utilities\EventProcessor.cpp">
      <Filter>Utilities</Filter>
    </ClCompile>
    <ClCompile Include="..\..\src\server\shared\Utilities\ProgressBar.cpp">
      <Filter>Utilities</Filter>
    </ClCompile>
    <ClCompile Include="..\..\src\server\shared\Utilities\Util.cpp">
      <Filter>Utilities</Filter>
    </ClCompile>
    <ClCompile Include="..\..\src\server\shared\Common.cpp" />
    <ClCompile Include="..\..\src\server\shared\Utilities\ServiceWin32.cpp" />
  </ItemGroup>
  <ItemGroup>
    <ClInclude Include="..\..\src\server\shared\Configuration\Config.h">
      <Filter>Configuration</Filter>
    </ClInclude>
    <ClInclude Include="..\..\src\server\shared\Cryptography\ARC4.h">
      <Filter>Cryptography</Filter>
    </ClInclude>
    <ClInclude Include="..\..\src\server\shared\Cryptography\BigNumber.h">
      <Filter>Cryptography</Filter>
    </ClInclude>
    <ClInclude Include="..\..\src\server\shared\Cryptography\HMACSHA1.h">
      <Filter>Cryptography</Filter>
    </ClInclude>
    <ClInclude Include="..\..\src\server\shared\Cryptography\MD5.h">
      <Filter>Cryptography</Filter>
    </ClInclude>
    <ClInclude Include="..\..\src\server\shared\Cryptography\SHA1.h">
      <Filter>Cryptography</Filter>
    </ClInclude>
    <ClInclude Include="..\..\src\server\shared\Cryptography\Authentication\AuthCrypt.h">
      <Filter>Cryptography\Authentication</Filter>
    </ClInclude>
    <ClInclude Include="..\..\src\server\shared\Database\Database.h">
      <Filter>Database</Filter>
    </ClInclude>
    <ClInclude Include="..\..\src\server\shared\Database\DatabaseEnv.h">
      <Filter>Database</Filter>
    </ClInclude>
    <ClInclude Include="..\..\src\server\shared\Database\DatabaseImpl.h">
      <Filter>Database</Filter>
    </ClInclude>
    <ClInclude Include="..\..\src\server\shared\Database\Field.h">
      <Filter>Database</Filter>
    </ClInclude>
    <ClInclude Include="..\..\src\server\shared\Database\PreparedStatements.h">
      <Filter>Database</Filter>
    </ClInclude>
    <ClInclude Include="..\..\src\server\shared\Database\QueryResult.h">
      <Filter>Database</Filter>
    </ClInclude>
    <ClInclude Include="..\..\src\server\shared\Database\SqlDelayThread.h">
      <Filter>Database</Filter>
    </ClInclude>
    <ClInclude Include="..\..\src\server\shared\Database\SqlOperations.h">
      <Filter>Database</Filter>
    </ClInclude>
    <ClInclude Include="..\..\src\server\shared\Database\SQLStorage.h">
      <Filter>Database</Filter>
    </ClInclude>
    <ClInclude Include="..\..\src\server\shared\Database\SQLStorageImpl.h">
      <Filter>Database</Filter>
    </ClInclude>
    <ClInclude Include="..\..\src\server\shared\DataStores\DBCFileLoader.h">
      <Filter>DataStores</Filter>
    </ClInclude>
    <ClInclude Include="..\..\src\server\shared\DataStores\DBCStore.h">
      <Filter>DataStores</Filter>
    </ClInclude>
    <ClInclude Include="..\..\src\server\shared\Debugging\Errors.h">
      <Filter>Debugging</Filter>
    </ClInclude>
    <ClInclude Include="..\..\src\server\shared\Debugging\MemoryLeaks.h">
      <Filter>Debugging</Filter>
    </ClInclude>
    <ClInclude Include="..\..\src\server\shared\Debugging\WheatyExceptionReport.h">
      <Filter>Debugging</Filter>
    </ClInclude>
    <ClInclude Include="..\..\src\server\shared\Dynamic\FactoryHolder.h">
      <Filter>Dynamic</Filter>
    </ClInclude>
    <ClInclude Include="..\..\src\server\shared\Dynamic\LinkedList.h">
      <Filter>Dynamic</Filter>
    </ClInclude>
    <ClInclude Include="..\..\src\server\shared\Dynamic\ObjectRegistry.h">
      <Filter>Dynamic</Filter>
    </ClInclude>
    <ClInclude Include="..\..\src\server\shared\Dynamic\TypeContainer.h">
      <Filter>Dynamic</Filter>
    </ClInclude>
    <ClInclude Include="..\..\src\server\shared\Dynamic\TypeContainerFunctions.h">
      <Filter>Dynamic</Filter>
    </ClInclude>
    <ClInclude Include="..\..\src\server\shared\Dynamic\TypeContainerFunctionsPtr.h">
      <Filter>Dynamic</Filter>
    </ClInclude>
    <ClInclude Include="..\..\src\server\shared\Dynamic\TypeContainerVisitor.h">
      <Filter>Dynamic</Filter>
    </ClInclude>
    <ClInclude Include="..\..\src\server\shared\Dynamic\TypeList.h">
      <Filter>Dynamic</Filter>
    </ClInclude>
    <ClInclude Include="..\..\src\server\shared\Dynamic\UnorderedMap.h">
      <Filter>Dynamic</Filter>
    </ClInclude>
    <ClInclude Include="..\..\src\server\shared\Dynamic\LinkedReference\Reference.h">
      <Filter>Dynamic\LinkedReference</Filter>
    </ClInclude>
    <ClInclude Include="..\..\src\server\shared\Dynamic\LinkedReference\RefManager.h">
      <Filter>Dynamic\LinkedReference</Filter>
    </ClInclude>
    <ClInclude Include="..\..\src\server\shared\Logging\Log.h">
      <Filter>Logging</Filter>
    </ClInclude>
    <ClInclude Include="..\..\src\server\shared\Packets\ByteBuffer.h">
      <Filter>Packets</Filter>
    </ClInclude>
    <ClInclude Include="..\..\src\server\shared\Packets\WorldPacket.h">
      <Filter>Packets</Filter>
    </ClInclude>
    <ClInclude Include="..\..\src\server\shared\Threading\DelayExecutor.h">
      <Filter>Threading</Filter>
    </ClInclude>
    <ClInclude Include="..\..\src\server\shared\Threading\Threading.h">
      <Filter>Threading</Filter>
    </ClInclude>
    <ClInclude Include="..\..\src\server\shared\Utilities\EventProcessor.h">
      <Filter>Utilities</Filter>
    </ClInclude>
    <ClInclude Include="..\..\src\server\shared\Utilities\ProgressBar.h">
      <Filter>Utilities</Filter>
    </ClInclude>
    <ClInclude Include="..\..\src\server\shared\Utilities\SignalHandler.h">
      <Filter>Utilities</Filter>
    </ClInclude>
    <ClInclude Include="..\..\src\server\shared\Utilities\Timer.h">
      <Filter>Utilities</Filter>
    </ClInclude>
    <ClInclude Include="..\..\src\server\shared\Utilities\Util.h">
      <Filter>Utilities</Filter>
    </ClInclude>
    <ClInclude Include="..\..\src\server\shared\Common.h" />
    <ClInclude Include="..\..\src\server\shared\CompilerDefs.h" />
    <ClInclude Include="..\..\src\server\shared\Define.h" />
    <ClInclude Include="..\..\src\server\shared\Utilities\ServiceWin32.h" />
    <ClInclude Include="..\..\src\server\shared\SystemConfig.h" />
  </ItemGroup>
  <ItemGroup>
    <CustomBuild Include="..\..\src\server\shared\revision.h" />
  </ItemGroup>
</Project>