<?xml version="1.0" encoding="utf-8"?>
<Project ToolsVersion="4.0" xmlns="http://schemas.microsoft.com/developer/msbuild/2003">
  <ItemGroup>
    <Filter Include="Source Files">
      <UniqueIdentifier>{4FC737F1-C7A5-4376-A066-2A32D752A2FF}</UniqueIdentifier>
      <Extensions>cpp;c;cxx;def;odl;idl;hpj;bat;asm;asmx</Extensions>
    </Filter>
    <Filter Include="vmaplib">
      <UniqueIdentifier>{17bf4d37-71f8-4730-815a-ca875557d9f5}</UniqueIdentifier>
    </Filter>
    <Filter Include="vmaplib\Maps">
      <UniqueIdentifier>{9369662b-3f32-40d9-aa31-7f8772a8322f}</UniqueIdentifier>
    </Filter>
    <Filter Include="vmaplib\Models">
      <UniqueIdentifier>{8d3c1449-1256-43c7-a1d2-24cfcc8a88ce}</UniqueIdentifier>
    </Filter>
  </ItemGroup>
  <ItemGroup>
    <ClCompile Include="..\VMapAssembler.cpp">
      <Filter>Source Files</Filter>
    </ClCompile>
    <ClCompile Include="..\..\..\server\collision\BoundingIntervalHierarchy.cpp">
      <Filter>vmaplib</Filter>
    </ClCompile>
    <ClCompile Include="..\..\..\server\collision\Maps\TileAssembler.cpp">
      <Filter>vmaplib\Maps</Filter>
    </ClCompile>
    <ClCompile Include="..\..\..\server\collision\Models\ModelInstance.cpp">
      <Filter>vmaplib\Models</Filter>
    </ClCompile>
    <ClCompile Include="..\..\..\server\collision\Models\WorldModel.cpp">
      <Filter>vmaplib\Models</Filter>
    </ClCompile>
  </ItemGroup>
  <ItemGroup>
    <ClInclude Include="..\..\..\server\collision\BoundingIntervalHierarchy.h">
      <Filter>vmaplib</Filter>
    </ClInclude>
    <ClInclude Include="..\..\..\server\collision\Maps\TileAssembler.h">
      <Filter>vmaplib\Maps</Filter>
    </ClInclude>
    <ClInclude Include="..\..\..\server\collision\Models\ModelInstance.h">
      <Filter>vmaplib\Models</Filter>
    </ClInclude>
    <ClInclude Include="..\..\..\server\collision\Models\WorldModel.h">
      <Filter>vmaplib\Models</Filter>
    </ClInclude>
  </ItemGroup>
</Project>