<?xml version="1.0" encoding="utf-8"?>
<Project ToolsVersion="4.0" xmlns="http://schemas.microsoft.com/developer/msbuild/2003">
  <ItemGroup>
    <Filter Include="Source Files">
      <UniqueIdentifier>{35967eb0-ae4e-426d-a1a0-615515d89945}</UniqueIdentifier>
      <Extensions>cpp;cxx;cc;c;C</Extensions>
    </Filter>
    <Filter Include="Header Files">
      <UniqueIdentifier>{69375046-1c62-47a6-8d46-99d96e894bb1}</UniqueIdentifier>
      <Extensions>h;hpp;hxx;hh</Extensions>
    </Filter>
    <Filter Include="Build Files">
      <UniqueIdentifier>{86d7872a-4c58-4d68-a470-e8250948489d}</UniqueIdentifier>
      <Extensions>mpc;mpb;mwc</Extensions>
    </Filter>
    <Filter Include="Pkgconfig Files">
      <UniqueIdentifier>{50c9af75-dc89-422a-bb49-97df7cfb079c}</UniqueIdentifier>
      <Extensions>in</Extensions>
    </Filter>
    <Filter Include="Inline Files">
      <UniqueIdentifier>{c96847ad-edd1-4164-8d43-f62cdac84724}</UniqueIdentifier>
      <Extensions>i;ipp;inl</Extensions>
    </Filter>
    <Filter Include="Documentation">
      <UniqueIdentifier>{f508da08-080f-4f43-af50-2273534d0ee9}</UniqueIdentifier>
    </Filter>
  </ItemGroup>
  <ItemGroup>
    <ClCompile Include="QoS_Decorator.cpp">
      <Filter>Source Files</Filter>
    </ClCompile>
    <ClCompile Include="QoS_Manager.cpp">
      <Filter>Source Files</Filter>
    </ClCompile>
    <ClCompile Include="QoS_Session_Factory.cpp">
      <Filter>Source Files</Filter>
    </ClCompile>
    <ClCompile Include="QoS_Session_Impl.cpp">
      <Filter>Source Files</Filter>
    </ClCompile>
    <ClCompile Include="SOCK_Dgram_Mcast_QoS.cpp">
      <Filter>Source Files</Filter>
    </ClCompile>
  </ItemGroup>
  <ItemGroup>
    <ClInclude Include="ACE_QoS_Export.h">
      <Filter>Header Files</Filter>
    </ClInclude>
    <ClInclude Include="QoS_Decorator.h">
      <Filter>Header Files</Filter>
    </ClInclude>
    <ClInclude Include="QoS_Manager.h">
      <Filter>Header Files</Filter>
    </ClInclude>
    <ClInclude Include="QoS_Session.h">
      <Filter>Header Files</Filter>
    </ClInclude>
    <ClInclude Include="QoS_Session_Factory.h">
      <Filter>Header Files</Filter>
    </ClInclude>
    <ClInclude Include="QoS_Session_Impl.h">
      <Filter>Header Files</Filter>
    </ClInclude>
    <ClInclude Include="SOCK_Dgram_Mcast_QoS.h">
      <Filter>Header Files</Filter>
    </ClInclude>
  </ItemGroup>
  <ItemGroup>
    <None Include="qos.mpc">
      <Filter>Build Files</Filter>
    </None>
    <None Include="ACE_QoS.pc.in">
      <Filter>Pkgconfig Files</Filter>
    </None>
    <None Include="QoS_Session_Impl.inl">
      <Filter>Inline Files</Filter>
    </None>
    <None Include="SOCK_Dgram_Mcast_QoS.inl">
      <Filter>Inline Files</Filter>
    </None>
  </ItemGroup>
  <ItemGroup>
    <CustomBuildStep Include="README">
      <Filter>Documentation</Filter>
    </CustomBuildStep>
  </ItemGroup>
</Project>