<?xml version="1.0" encoding="utf-8"?>
<Project ToolsVersion="4.0" xmlns="http://schemas.microsoft.com/developer/msbuild/2003">
  <ItemGroup>
    <Filter Include="Source Files">
      <UniqueIdentifier>{b66992d6-ba2c-4604-bfd9-ee177c9924c7}</UniqueIdentifier>
      <Extensions>cpp;cxx;cc;c;C</Extensions>
    </Filter>
    <Filter Include="Header Files">
      <UniqueIdentifier>{a5032447-5175-405f-97bf-db5b19ecc843}</UniqueIdentifier>
      <Extensions>h;hpp;hxx;hh</Extensions>
    </Filter>
    <Filter Include="Build Files">
      <UniqueIdentifier>{36ec823b-e742-4882-8ff0-e13793670968}</UniqueIdentifier>
      <Extensions>mpc;mpb;mwc</Extensions>
    </Filter>
    <Filter Include="Pkgconfig Files">
      <UniqueIdentifier>{9cba4c70-2f7a-4073-8b5d-f184f85b5e1c}</UniqueIdentifier>
      <Extensions>in</Extensions>
    </Filter>
    <Filter Include="Inline Files">
      <UniqueIdentifier>{2f30638e-4c36-417f-b350-0f050d5ff446}</UniqueIdentifier>
      <Extensions>i;ipp;inl</Extensions>
    </Filter>
  </ItemGroup>
  <ItemGroup>
    <ClCompile Include="ETCL_Constraint.cpp">
      <Filter>Source Files</Filter>
    </ClCompile>
    <ClCompile Include="ETCL_Constraint_Visitor.cpp">
      <Filter>Source Files</Filter>
    </ClCompile>
  </ItemGroup>
  <ItemGroup>
    <ClInclude Include="ace_etcl_export.h">
      <Filter>Header Files</Filter>
    </ClInclude>
    <ClInclude Include="ETCL_Constraint.h">
      <Filter>Header Files</Filter>
    </ClInclude>
    <ClInclude Include="ETCL_Constraint_Visitor.h">
      <Filter>Header Files</Filter>
    </ClInclude>
  </ItemGroup>
  <ItemGroup>
    <None Include="ETCL.mpc">
      <Filter>Build Files</Filter>
    </None>
    <None Include="ACE_ETCL.pc.in">
      <Filter>Pkgconfig Files</Filter>
    </None>
    <None Include="ETCL_Constraint.inl">
      <Filter>Inline Files</Filter>
    </None>
  </ItemGroup>
</Project>